
Microsoft Visual Studio Solution File, Format Version 12.00
# Visual Studio 14
VisualStudioVersion = 14.0.23107.0
MinimumVisualStudioVersion = 10.0.40219.1
Project("{FAE04EC0-301F-11D3-BF4B-00C04F79EFBC}") = "Routing", "Routing\Routing.csproj", "{12EA6EB8-CCE0-4D73-AC64-1D185A9571BE}"
EndProject
Project("{FAE04EC0-301F-11D3-BF4B-00C04F79EFBC}") = "Routing.Tests", "Routing.Tests\Routing.Tests.csproj", "{8FFFAEF2-4317-4845-9D97-1AC22CA153B1}"
EndProject
Global
	GlobalSection(SolutionConfigurationPlatforms) = preSolution
		Debug|Any CPU = Debug|Any CPU
		Release|Any CPU = Release|Any CPU
	EndGlobalSection
	GlobalSection(ProjectConfigurationPlatforms) = postSolution
		{12EA6EB8-CCE0-4D73-AC64-1D185A9571BE}.Debug|Any CPU.ActiveCfg = Debug|Any CPU
		{12EA6EB8-CCE0-4D73-AC64-1D185A9571BE}.Debug|Any CPU.Build.0 = Debug|Any CPU
		{12EA6EB8-CCE0-4D73-AC64-1D185A9571BE}.Release|Any CPU.ActiveCfg = Release|Any CPU
		{12EA6EB8-CCE0-4D73-AC64-1D185A9571BE}.Release|Any CPU.Build.0 = Release|Any CPU
		{8FFFAEF2-4317-4845-9D97-1AC22CA153B1}.Debug|Any CPU.ActiveCfg = Debug|Any CPU
		{8FFFAEF2-4317-4845-9D97-1AC22CA153B1}.Debug|Any CPU.Build.0 = Debug|Any CPU
		{8FFFAEF2-4317-4845-9D97-1AC22CA153B1}.Release|Any CPU.ActiveCfg = Release|Any CPU
		{8FFFAEF2-4317-4845-9D97-1AC22CA153B1}.Release|Any CPU.Build.0 = Release|Any CPU
	EndGlobalSection
	GlobalSection(SolutionProperties) = preSolution
		HideSolutionNode = FALSE
	EndGlobalSection
EndGlobal
